{
  "name": "client",
  "version": "0.1.0",
  "lockfileVersion": 3,
  "requires": true,
  "packages": {
    "": {
      "name": "client",
      "version": "0.1.0",
      "dependencies": {
        "@fullcalendar/core": "^6.1.15",
        "@fullcalendar/daygrid": "^6.1.15",
        "@fullcalendar/interaction": "^6.1.15",
        "@fullcalendar/react": "^6.1.15",
        "@fullcalendar/timegrid": "^6.1.15",
        "@nextui-org/calendar": "^2.2.4",
        "next": "15.0.4",
        "react": "^19.0.0",
        "react-dom": "^19.0.0"
      }
    },
    "node_modules/@formatjs/ecma402-abstract": {
      "version": "2.3.1",
      "resolved": "https://registry.npmjs.org/@formatjs/ecma402-abstract/-/ecma402-abstract-2.3.1.tgz",
      "integrity": "sha512-Ip9uV+/MpLXWRk03U/GzeJMuPeOXpJBSB5V1tjA6kJhvqssye5J5LoYLc7Z5IAHb7nR62sRoguzrFiVCP/hnzw==",
      "dependencies": {
        "@formatjs/fast-memoize": "2.2.5",
        "@formatjs/intl-localematcher": "0.5.9",
        "decimal.js": "10",
        "tslib": "2"
      }
    },
    "node_modules/@formatjs/fast-memoize": {
      "version": "2.2.5",
      "resolved": "https://registry.npmjs.org/@formatjs/fast-memoize/-/fast-memoize-2.2.5.tgz",
      "integrity": "sha512-6PoewUMrrcqxSoBXAOJDiW1m+AmkrAj0RiXnOMD59GRaswjXhm3MDhgepXPBgonc09oSirAJTsAggzAGQf6A6g==",
      "dependencies": {
        "tslib": "2"
      }
    },
    "node_modules/@formatjs/icu-messageformat-parser": {
      "version": "2.9.7",
      "resolved": "https://registry.npmjs.org/@formatjs/icu-messageformat-parser/-/icu-messageformat-parser-2.9.7.tgz",
      "integrity": "sha512-cuEHyRM5VqLQobANOjtjlgU7+qmk9Q3fDQuBiRRJ3+Wp3ZoZhpUPtUfuimZXsir6SaI2TaAJ+SLo9vLnV5QcbA==",
      "dependencies": {
        "@formatjs/ecma402-abstract": "2.3.1",
        "@formatjs/icu-skeleton-parser": "1.8.11",
        "tslib": "2"
      }
    },
    "node_modules/@formatjs/icu-skeleton-parser": {
      "version": "1.8.11",
      "resolved": "https://registry.npmjs.org/@formatjs/icu-skeleton-parser/-/icu-skeleton-parser-1.8.11.tgz",
      "integrity": "sha512-8LlHHE/yL/zVJZHAX3pbKaCjZKmBIO6aJY1mkVh4RMSEu/2WRZ4Ysvv3kKXJ9M8RJLBHdnk1/dUQFdod1Dt7Dw==",
      "dependencies": {
        "@formatjs/ecma402-abstract": "2.3.1",
        "tslib": "2"
      }
    },
    "node_modules/@formatjs/intl-localematcher": {
      "version": "0.5.9",
      "resolved": "https://registry.npmjs.org/@formatjs/intl-localematcher/-/intl-localematcher-0.5.9.tgz",
      "integrity": "sha512-8zkGu/sv5euxbjfZ/xmklqLyDGQSxsLqg8XOq88JW3cmJtzhCP8EtSJXlaKZnVO4beEaoiT9wj4eIoCQ9smwxA==",
      "dependencies": {
        "tslib": "2"
      }
    },
    "node_modules/@fullcalendar/core": {
      "version": "6.1.15",
      "resolved": "https://registry.npmjs.org/@fullcalendar/core/-/core-6.1.15.tgz",
      "integrity": "sha512-BuX7o6ALpLb84cMw1FCB9/cSgF4JbVO894cjJZ6kP74jzbUZNjtwffwRdA+Id8rrLjT30d/7TrkW90k4zbXB5Q==",
      "dependencies": {
        "preact": "~10.12.1"
      }
    },
    "node_modules/@fullcalendar/daygrid": {
      "version": "6.1.15",
      "resolved": "https://registry.npmjs.org/@fullcalendar/daygrid/-/daygrid-6.1.15.tgz",
      "integrity": "sha512-j8tL0HhfiVsdtOCLfzK2J0RtSkiad3BYYemwQKq512cx6btz6ZZ2RNc/hVnIxluuWFyvx5sXZwoeTJsFSFTEFA==",
      "peerDependencies": {
        "@fullcalendar/core": "~6.1.15"
      }
    },
    "node_modules/@fullcalendar/interaction": {
      "version": "6.1.15",
      "resolved": "https://registry.npmjs.org/@fullcalendar/interaction/-/interaction-6.1.15.tgz",
      "integrity": "sha512-DOTSkofizM7QItjgu7W68TvKKvN9PSEEvDJceyMbQDvlXHa7pm/WAVtAc6xSDZ9xmB1QramYoWGLHkCYbTW1rQ==",
      "peerDependencies": {
        "@fullcalendar/core": "~6.1.15"
      }
    },
    "node_modules/@fullcalendar/react": {
      "version": "6.1.15",
      "resolved": "https://registry.npmjs.org/@fullcalendar/react/-/react-6.1.15.tgz",
      "integrity": "sha512-L0b9hybS2J4e7lq6G2CD4nqriyLEqOH1tE8iI6JQjAMTVh5JicOo5Mqw+fhU5bJ7hLfMw2K3fksxX3Ul1ssw5w==",
      "peerDependencies": {
        "@fullcalendar/core": "~6.1.15",
        "react": "^16.7.0 || ^17 || ^18 || ^19",
        "react-dom": "^16.7.0 || ^17 || ^18 || ^19"
      }
    },
    "node_modules/@fullcalendar/timegrid": {
      "version": "6.1.15",
      "resolved": "https://registry.npmjs.org/@fullcalendar/timegrid/-/timegrid-6.1.15.tgz",
      "integrity": "sha512-61ORr3A148RtxQ2FNG7JKvacyA/TEVZ7z6I+3E9Oeu3dqTf6M928bFcpehRTIK6zIA6Yifs7BeWHgOE9dFnpbw==",
      "dependencies": {
        "@fullcalendar/daygrid": "~6.1.15"
      },
      "peerDependencies": {
        "@fullcalendar/core": "~6.1.15"
      }
    },
    "node_modules/@img/sharp-win32-x64": {
      "version": "0.33.5",
      "resolved": "https://registry.npmjs.org/@img/sharp-win32-x64/-/sharp-win32-x64-0.33.5.tgz",
      "integrity": "sha512-MpY/o8/8kj+EcnxwvrP4aTJSWw/aZ7JIGR4aBeZkZw5B7/Jn+tY9/VNwtcoGmdT7GfggGIU4kygOMSbYnOrAbg==",
      "cpu": [
        "x64"
      ],
      "optional": true,
      "os": [
        "win32"
      ],
      "engines": {
        "node": "^18.17.0 || ^20.3.0 || >=21.0.0"
      },
      "funding": {
        "url": "https://opencollective.com/libvips"
      }
    },
    "node_modules/@internationalized/date": {
      "version": "3.6.0",
      "resolved": "https://registry.npmjs.org/@internationalized/date/-/date-3.6.0.tgz",
      "integrity": "sha512-+z6ti+CcJnRlLHok/emGEsWQhe7kfSmEW+/6qCzvKY67YPh7YOBfvc7+/+NXq+zJlbArg30tYpqLjNgcAYv2YQ==",
      "dependencies": {
        "@swc/helpers": "^0.5.0"
      }
    },
    "node_modules/@internationalized/message": {
      "version": "3.1.6",
      "resolved": "https://registry.npmjs.org/@internationalized/message/-/message-3.1.6.tgz",
      "integrity": "sha512-JxbK3iAcTIeNr1p0WIFg/wQJjIzJt9l/2KNY/48vXV7GRGZSv3zMxJsce008fZclk2cDC8y0Ig3odceHO7EfNQ==",
      "dependencies": {
        "@swc/helpers": "^0.5.0",
        "intl-messageformat": "^10.1.0"
      }
    },
    "node_modules/@internationalized/number": {
      "version": "3.6.0",
      "resolved": "https://registry.npmjs.org/@internationalized/number/-/number-3.6.0.tgz",
      "integrity": "sha512-PtrRcJVy7nw++wn4W2OuePQQfTqDzfusSuY1QTtui4wa7r+rGVtR75pO8CyKvHvzyQYi3Q1uO5sY0AsB4e65Bw==",
      "dependencies": {
        "@swc/helpers": "^0.5.0"
      }
    },
    "node_modules/@internationalized/string": {
      "version": "3.2.5",
      "resolved": "https://registry.npmjs.org/@internationalized/string/-/string-3.2.5.tgz",
      "integrity": "sha512-rKs71Zvl2OKOHM+mzAFMIyqR5hI1d1O6BBkMK2/lkfg3fkmVh9Eeg0awcA8W2WqYqDOv6a86DIOlFpggwLtbuw==",
      "dependencies": {
        "@swc/helpers": "^0.5.0"
      }
    },
    "node_modules/@next/env": {
      "version": "15.0.4",
      "resolved": "https://registry.npmjs.org/@next/env/-/env-15.0.4.tgz",
      "integrity": "sha512-WNRvtgnRVDD4oM8gbUcRc27IAhaL4eXQ/2ovGbgLnPGUvdyDr8UdXP4Q/IBDdAdojnD2eScryIDirv0YUCjUVw=="
    },
    "node_modules/@next/swc-darwin-arm64": {
      "version": "15.0.4",
      "resolved": "https://registry.npmjs.org/@next/swc-darwin-arm64/-/swc-darwin-arm64-15.0.4.tgz",
      "integrity": "sha512-QecQXPD0yRHxSXWL5Ff80nD+A56sUXZG9koUsjWJwA2Z0ZgVQfuy7gd0/otjxoOovPVHR2eVEvPMHbtZP+pf9w==",
      "cpu": [
        "arm64"
      ],
      "optional": true,
      "os": [
        "darwin"
      ],
      "engines": {
        "node": ">= 10"
      }
    },
    "node_modules/@next/swc-darwin-x64": {
      "version": "15.0.4",
      "resolved": "https://registry.npmjs.org/@next/swc-darwin-x64/-/swc-darwin-x64-15.0.4.tgz",
      "integrity": "sha512-pb7Bye3y1Og3PlCtnz2oO4z+/b3pH2/HSYkLbL0hbVuTGil7fPen8/3pyyLjdiTLcFJ+ymeU3bck5hd4IPFFCA==",
      "cpu": [
        "x64"
      ],
      "optional": true,
      "os": [
        "darwin"
      ],
      "engines": {
        "node": ">= 10"
      }
    },
    "node_modules/@next/swc-linux-arm64-gnu": {
      "version": "15.0.4",
      "resolved": "https://registry.npmjs.org/@next/swc-linux-arm64-gnu/-/swc-linux-arm64-gnu-15.0.4.tgz",
      "integrity": "sha512-12oSaBFjGpB227VHzoXF3gJoK2SlVGmFJMaBJSu5rbpaoT5OjP5OuCLuR9/jnyBF1BAWMs/boa6mLMoJPRriMA==",
      "cpu": [
        "arm64"
      ],
      "optional": true,
      "os": [
        "linux"
      ],
      "engines": {
        "node": ">= 10"
      }
    },
    "node_modules/@next/swc-linux-arm64-musl": {
      "version": "15.0.4",
      "resolved": "https://registry.npmjs.org/@next/swc-linux-arm64-musl/-/swc-linux-arm64-musl-15.0.4.tgz",
      "integrity": "sha512-QARO88fR/a+wg+OFC3dGytJVVviiYFEyjc/Zzkjn/HevUuJ7qGUUAUYy5PGVWY1YgTzeRYz78akQrVQ8r+sMjw==",
      "cpu": [
        "arm64"
      ],
      "optional": true,
      "os": [
        "linux"
      ],
      "engines": {
        "node": ">= 10"
      }
    },
    "node_modules/@next/swc-linux-x64-gnu": {
      "version": "15.0.4",
      "resolved": "https://registry.npmjs.org/@next/swc-linux-x64-gnu/-/swc-linux-x64-gnu-15.0.4.tgz",
      "integrity": "sha512-Z50b0gvYiUU1vLzfAMiChV8Y+6u/T2mdfpXPHraqpypP7yIT2UV9YBBhcwYkxujmCvGEcRTVWOj3EP7XW/wUnw==",
      "cpu": [
        "x64"
      ],
      "optional": true,
      "os": [
        "linux"
      ],
      "engines": {
        "node": ">= 10"
      }
    },
    "node_modules/@next/swc-linux-x64-musl": {
      "version": "15.0.4",
      "resolved": "https://registry.npmjs.org/@next/swc-linux-x64-musl/-/swc-linux-x64-musl-15.0.4.tgz",
      "integrity": "sha512-7H9C4FAsrTAbA/ENzvFWsVytqRYhaJYKa2B3fyQcv96TkOGVMcvyS6s+sj4jZlacxxTcn7ygaMXUPkEk7b78zw==",
      "cpu": [
        "x64"
      ],
      "optional": true,
      "os": [
        "linux"
      ],
      "engines": {
        "node": ">= 10"
      }
    },
    "node_modules/@next/swc-win32-arm64-msvc": {
      "version": "15.0.4",
      "resolved": "https://registry.npmjs.org/@next/swc-win32-arm64-msvc/-/swc-win32-arm64-msvc-15.0.4.tgz",
      "integrity": "sha512-Z/v3WV5xRaeWlgJzN9r4PydWD8sXV35ywc28W63i37G2jnUgScA4OOgS8hQdiXLxE3gqfSuHTicUhr7931OXPQ==",
      "cpu": [
        "arm64"
      ],
      "optional": true,
      "os": [
        "win32"
      ],
      "engines": {
        "node": ">= 10"
      }
    },
    "node_modules/@next/swc-win32-x64-msvc": {
      "version": "15.0.4",
      "resolved": "https://registry.npmjs.org/@next/swc-win32-x64-msvc/-/swc-win32-x64-msvc-15.0.4.tgz",
      "integrity": "sha512-NGLchGruagh8lQpDr98bHLyWJXOBSmkEAfK980OiNBa7vNm6PsNoPvzTfstT78WyOeMRQphEQ455rggd7Eo+Dw==",
      "cpu": [
        "x64"
      ],
      "optional": true,
      "os": [
        "win32"
      ],
      "engines": {
        "node": ">= 10"
      }
    },
    "node_modules/@nextui-org/button": {
      "version": "2.2.4",
      "resolved": "https://registry.npmjs.org/@nextui-org/button/-/button-2.2.4.tgz",
      "integrity": "sha512-aN61TCSwj4vL4812wB1BTRQulQAgYZLBLLfJ97kvV8PjhhT0Gz7Epz89fiYLSnoTWsjYHdxrLNv4To+8VplNCA==",
      "dependencies": {
        "@nextui-org/react-utils": "2.1.1",
        "@nextui-org/ripple": "2.2.3",
        "@nextui-org/shared-utils": "2.1.1",
        "@nextui-org/spinner": "2.2.4",
        "@nextui-org/use-aria-button": "2.2.2",
        "@react-aria/button": "3.11.0",
        "@react-aria/focus": "3.19.0",
        "@react-aria/interactions": "3.22.5",
        "@react-aria/utils": "3.26.0",
        "@react-types/button": "3.10.1",
        "@react-types/shared": "3.26.0"
      },
      "peerDependencies": {
        "@nextui-org/system": ">=2.4.0",
        "@nextui-org/theme": ">=2.4.0",
        "framer-motion": ">=11.5.6 || >=12.0.0-alpha.1",
        "react": ">=18 || >=19.0.0-rc.0",
        "react-dom": ">=18 || >=19.0.0-rc.0"
      }
    },
    "node_modules/@nextui-org/calendar": {
      "version": "2.2.4",
      "resolved": "https://registry.npmjs.org/@nextui-org/calendar/-/calendar-2.2.4.tgz",
      "integrity": "sha512-tfBAihdXkQEYJIUNkboaTbWztfe991CzCPxCXM9qYPGfInIR4ZwUftSYvwqLEl9Ai50GIgrOCj/odNX+OLU+1A==",
      "dependencies": {
        "@internationalized/date": "3.6.0",
        "@nextui-org/button": "2.2.4",
        "@nextui-org/dom-animation": "2.1.1",
        "@nextui-org/framer-utils": "2.1.4",
        "@nextui-org/react-utils": "2.1.1",
        "@nextui-org/shared-icons": "2.1.1",
        "@nextui-org/shared-utils": "2.1.1",
        "@nextui-org/use-aria-button": "2.2.2",
        "@react-aria/calendar": "3.6.0",
        "@react-aria/focus": "3.19.0",
        "@react-aria/i18n": "3.12.4",
        "@react-aria/interactions": "3.22.5",
        "@react-aria/utils": "3.26.0",
        "@react-aria/visually-hidden": "3.8.18",
        "@react-stately/calendar": "3.6.0",
        "@react-stately/utils": "3.10.5",
        "@react-types/button": "3.10.1",
        "@react-types/calendar": "3.5.0",
        "@react-types/shared": "3.26.0",
        "@types/lodash.debounce": "^4.0.7",
        "scroll-into-view-if-needed": "3.0.10"
      },
      "peerDependencies": {
        "@nextui-org/system": ">=2.4.0",
        "@nextui-org/theme": ">=2.4.0",
        "framer-motion": ">=11.5.6 || >=12.0.0-alpha.1",
        "react": ">=18 || >=19.0.0-rc.0",
        "react-dom": ">=18 || >=19.0.0-rc.0"
      }
    },
    "node_modules/@nextui-org/dom-animation": {
      "version": "2.1.1",
      "resolved": "https://registry.npmjs.org/@nextui-org/dom-animation/-/dom-animation-2.1.1.tgz",
      "integrity": "sha512-xLrVNf1EV9zyyZjk6j3RptOvnga1WUCbMpDgJLQHp+oYwxTfBy0SkXHuN5pRdcR0XpR/IqRBDIobMdZI0iyQyg==",
      "peerDependencies": {
        "framer-motion": ">=11.5.6 || >=12.0.0-alpha.1"
      }
    },
    "node_modules/@nextui-org/framer-utils": {
      "version": "2.1.4",
      "resolved": "https://registry.npmjs.org/@nextui-org/framer-utils/-/framer-utils-2.1.4.tgz",
      "integrity": "sha512-NC+jq5qOeNcnogBh54WxBwILj0jBhWX0mYlEeS4DOPCOgqUgYQM3tC0vJoKihd6Hh3REEJW0vxUZdrhQUraO3g==",
      "dependencies": {
        "@nextui-org/shared-utils": "2.1.1",
        "@nextui-org/system": "2.4.4",
        "@nextui-org/use-measure": "2.1.1"
      },
      "peerDependencies": {
        "framer-motion": ">=11.5.6 || >=12.0.0-alpha.1",
        "react": ">=18 || >=19.0.0-rc.0",
        "react-dom": ">=18 || >=19.0.0-rc.0"
      }
    },
    "node_modules/@nextui-org/react-rsc-utils": {
      "version": "2.1.1",
      "resolved": "https://registry.npmjs.org/@nextui-org/react-rsc-utils/-/react-rsc-utils-2.1.1.tgz",
      "integrity": "sha512-9uKH1XkeomTGaswqlGKt0V0ooUev8mPXtKJolR+6MnpvBUrkqngw1gUGF0bq/EcCCkks2+VOHXZqFT6x9hGkQQ==",
      "peerDependencies": {
        "react": ">=18 || >=19.0.0-rc.0"
      }
    },
    "node_modules/@nextui-org/react-utils": {
      "version": "2.1.1",
      "resolved": "https://registry.npmjs.org/@nextui-org/react-utils/-/react-utils-2.1.1.tgz",
      "integrity": "sha512-cN3Z0b2bV6Nf0CYD4imsGdXbHMQqad8KivltpBv1ItbI1/FSTAv9AHTKSzDE15hd/UwOGYt3Qm7I6tWzqov55w==",
      "dependencies": {
        "@nextui-org/react-rsc-utils": "2.1.1",
        "@nextui-org/shared-utils": "2.1.1"
      },
      "peerDependencies": {
        "react": ">=18 || >=19.0.0-rc.0"
      }
    },
    "node_modules/@nextui-org/ripple": {
      "version": "2.2.3",
      "resolved": "https://registry.npmjs.org/@nextui-org/ripple/-/ripple-2.2.3.tgz",
      "integrity": "sha512-MlW1A5WZLNmpTWt8DAlwu+8fJ+vPbvQHtam60htZPqL19mrua4K71ZFCfsO10WddtyYk22qeJBDpY+Pb1poioA==",
      "dependencies": {
        "@nextui-org/dom-animation": "2.1.1",
        "@nextui-org/react-utils": "2.1.1",
        "@nextui-org/shared-utils": "2.1.1"
      },
      "peerDependencies": {
        "@nextui-org/system": ">=2.4.0",
        "@nextui-org/theme": ">=2.4.0",
        "framer-motion": ">=11.5.6 || >=12.0.0-alpha.1",
        "react": ">=18 || >=19.0.0-rc.0",
        "react-dom": ">=18 || >=19.0.0-rc.0"
      }
    },
    "node_modules/@nextui-org/shared-icons": {
      "version": "2.1.1",
      "resolved": "https://registry.npmjs.org/@nextui-org/shared-icons/-/shared-icons-2.1.1.tgz",
      "integrity": "sha512-mkiTpFJnCzB2M8Dl7IwXVzDKKq9ZW2WC0DaQRs1eWgqboRCP8DDde+MJZq331hC7pfH8BC/4rxXsKECrOUUwCg==",
      "peerDependencies": {
        "react": ">=18 || >=19.0.0-rc.0"
      }
    },
    "node_modules/@nextui-org/shared-utils": {
      "version": "2.1.1",
      "resolved": "https://registry.npmjs.org/@nextui-org/shared-utils/-/shared-utils-2.1.1.tgz",
      "integrity": "sha512-qE8gZO63GqUX1ljOi/4PlwGzE84dhUS3zFIq+10/N6ePAaNjM4DwtL4ocucG3abCz4iRUueYKLIxTO2+eYyAfw=="
    },
    "node_modules/@nextui-org/spinner": {
      "version": "2.2.4",
      "resolved": "https://registry.npmjs.org/@nextui-org/spinner/-/spinner-2.2.4.tgz",
      "integrity": "sha512-QdCRD64+fjWmi5byO9sR3D4xbkFNh9cB01KnoR1/u7+7m/WWNFOhUkYbdkB2e53oQlNXxh0Mw02U346tC8B+5g==",
      "dependencies": {
        "@nextui-org/react-utils": "2.1.1",
        "@nextui-org/shared-utils": "2.1.1",
        "@nextui-org/system-rsc": "2.3.4"
      },
      "peerDependencies": {
        "@nextui-org/theme": ">=2.4.0",
        "react": ">=18 || >=19.0.0-rc.0",
        "react-dom": ">=18 || >=19.0.0-rc.0"
      }
    },
    "node_modules/@nextui-org/system": {
      "version": "2.4.4",
      "resolved": "https://registry.npmjs.org/@nextui-org/system/-/system-2.4.4.tgz",
      "integrity": "sha512-ldlUYq7VprTEC2s3LaMxQh7S7Xeyy6DYoKkOML9XHJBgSgVXCMr5QyoxvIkO2XRl5nu6KWn2QA1vjtj2xiMjRw==",
      "dependencies": {
        "@internationalized/date": "3.6.0",
        "@nextui-org/react-utils": "2.1.1",
        "@nextui-org/system-rsc": "2.3.4",
        "@react-aria/i18n": "3.12.4",
        "@react-aria/overlays": "3.24.0",
        "@react-aria/utils": "3.26.0",
        "@react-stately/utils": "3.10.5",
        "@react-types/datepicker": "3.9.0"
      },
      "peerDependencies": {
        "framer-motion": ">=11.5.6 || >=12.0.0-alpha.1",
        "react": ">=18 || >=19.0.0-rc.0",
        "react-dom": ">=18 || >=19.0.0-rc.0"
      }
    },
    "node_modules/@nextui-org/system-rsc": {
      "version": "2.3.4",
      "resolved": "https://registry.npmjs.org/@nextui-org/system-rsc/-/system-rsc-2.3.4.tgz",
      "integrity": "sha512-Y6OLFO7diYnUMe5ffDPt6sIqCaah7FOqRaJ3ZQ/We8gE8AgHnyNQxWllLtRzBqaCiIheHLo7dTMed1FFmb775A==",
      "dependencies": {
        "@react-types/shared": "3.26.0",
        "clsx": "^1.2.1"
      },
      "peerDependencies": {
        "@nextui-org/theme": ">=2.4.0",
        "react": ">=18 || >=19.0.0-rc.0"
      }
    },
    "node_modules/@nextui-org/use-aria-button": {
      "version": "2.2.2",
      "resolved": "https://registry.npmjs.org/@nextui-org/use-aria-button/-/use-aria-button-2.2.2.tgz",
      "integrity": "sha512-Rn6AVfiw+QdzLaF7pnGb1AaTSZ3FgBkVhO2bDoq97q/sAGUW8V5UWD19rHZ8TD0Fepdi4HqXWIH+XyPxHIuogA==",
      "dependencies": {
        "@react-aria/focus": "3.19.0",
        "@react-aria/interactions": "3.22.5",
        "@react-aria/utils": "3.26.0",
        "@react-types/button": "3.10.1",
        "@react-types/shared": "3.26.0"
      },
      "peerDependencies": {
        "react": ">=18 || >=19.0.0-rc.0"
      }
    },
    "node_modules/@nextui-org/use-measure": {
      "version": "2.1.1",
      "resolved": "https://registry.npmjs.org/@nextui-org/use-measure/-/use-measure-2.1.1.tgz",
      "integrity": "sha512-2RVn90gXHTgt6fvzBH4fzgv3hMDz+SEJkqaCTbd6WUNWag4AaLb2WU/65CtLcexyu10HrgYf2xG07ZqtJv0zSg==",
      "peerDependencies": {
        "react": ">=18 || >=19.0.0-rc.0"
      }
    },
    "node_modules/@react-aria/button": {
      "version": "3.11.0",
      "resolved": "https://registry.npmjs.org/@react-aria/button/-/button-3.11.0.tgz",
      "integrity": "sha512-b37eIV6IW11KmNIAm65F3SEl2/mgj5BrHIysW6smZX3KoKWTGYsYfcQkmtNgY0GOSFfDxMCoolsZ6mxC00nSDA==",
      "dependencies": {
        "@react-aria/focus": "^3.19.0",
        "@react-aria/interactions": "^3.22.5",
        "@react-aria/toolbar": "3.0.0-beta.11",
        "@react-aria/utils": "^3.26.0",
        "@react-stately/toggle": "^3.8.0",
        "@react-types/button": "^3.10.1",
        "@react-types/shared": "^3.26.0",
        "@swc/helpers": "^0.5.0"
      },
      "peerDependencies": {
        "react": "^16.8.0 || ^17.0.0-rc.1 || ^18.0.0 || ^19.0.0-rc.1"
      }
    },
    "node_modules/@react-aria/calendar": {
      "version": "3.6.0",
      "resolved": "https://registry.npmjs.org/@react-aria/calendar/-/calendar-3.6.0.tgz",
      "integrity": "sha512-tZ3nd5DP8uxckbj83Pt+4RqgcTWDlGi7njzc7QqFOG2ApfnYDUXbIpb/Q4KY6JNlJskG8q33wo0XfOwNy8J+eg==",
      "dependencies": {
        "@internationalized/date": "^3.6.0",
        "@react-aria/i18n": "^3.12.4",
        "@react-aria/interactions": "^3.22.5",
        "@react-aria/live-announcer": "^3.4.1",
        "@react-aria/utils": "^3.26.0",
        "@react-stately/calendar": "^3.6.0",
        "@react-types/button": "^3.10.1",
        "@react-types/calendar": "^3.5.0",
        "@react-types/shared": "^3.26.0",
        "@swc/helpers": "^0.5.0"
      },
      "peerDependencies": {
        "react": "^16.8.0 || ^17.0.0-rc.1 || ^18.0.0 || ^19.0.0-rc.1",
        "react-dom": "^16.8.0 || ^17.0.0-rc.1 || ^18.0.0 || ^19.0.0-rc.1"
      }
    },
    "node_modules/@react-aria/focus": {
      "version": "3.19.0",
      "resolved": "https://registry.npmjs.org/@react-aria/focus/-/focus-3.19.0.tgz",
      "integrity": "sha512-hPF9EXoUQeQl1Y21/rbV2H4FdUR2v+4/I0/vB+8U3bT1CJ+1AFj1hc/rqx2DqEwDlEwOHN+E4+mRahQmlybq0A==",
      "dependencies": {
        "@react-aria/interactions": "^3.22.5",
        "@react-aria/utils": "^3.26.0",
        "@react-types/shared": "^3.26.0",
        "@swc/helpers": "^0.5.0",
        "clsx": "^2.0.0"
      },
      "peerDependencies": {
        "react": "^16.8.0 || ^17.0.0-rc.1 || ^18.0.0 || ^19.0.0-rc.1"
      }
    },
    "node_modules/@react-aria/focus/node_modules/clsx": {
      "version": "2.1.1",
      "resolved": "https://registry.npmjs.org/clsx/-/clsx-2.1.1.tgz",
      "integrity": "sha512-eYm0QWBtUrBWZWG0d386OGAw16Z995PiOVo2B7bjWSbHedGl5e0ZWaq65kOGgUSNesEIDkB9ISbTg/JK9dhCZA==",
      "engines": {
        "node": ">=6"
      }
    },
    "node_modules/@react-aria/i18n": {
      "version": "3.12.4",
      "resolved": "https://registry.npmjs.org/@react-aria/i18n/-/i18n-3.12.4.tgz",
      "integrity": "sha512-j9+UL3q0Ls8MhXV9gtnKlyozq4aM95YywXqnmJtzT1rYeBx7w28hooqrWkCYLfqr4OIryv1KUnPiCSLwC2OC7w==",
      "dependencies": {
        "@internationalized/date": "^3.6.0",
        "@internationalized/message": "^3.1.6",
        "@internationalized/number": "^3.6.0",
        "@internationalized/string": "^3.2.5",
        "@react-aria/ssr": "^3.9.7",
        "@react-aria/utils": "^3.26.0",
        "@react-types/shared": "^3.26.0",
        "@swc/helpers": "^0.5.0"
      },
      "peerDependencies": {
        "react": "^16.8.0 || ^17.0.0-rc.1 || ^18.0.0 || ^19.0.0-rc.1"
      }
    },
    "node_modules/@react-aria/interactions": {
      "version": "3.22.5",
      "resolved": "https://registry.npmjs.org/@react-aria/interactions/-/interactions-3.22.5.tgz",
      "integrity": "sha512-kMwiAD9E0TQp+XNnOs13yVJghiy8ET8L0cbkeuTgNI96sOAp/63EJ1FSrDf17iD8sdjt41LafwX/dKXW9nCcLQ==",
      "dependencies": {
        "@react-aria/ssr": "^3.9.7",
        "@react-aria/utils": "^3.26.0",
        "@react-types/shared": "^3.26.0",
        "@swc/helpers": "^0.5.0"
      },
      "peerDependencies": {
        "react": "^16.8.0 || ^17.0.0-rc.1 || ^18.0.0 || ^19.0.0-rc.1"
      }
    },
    "node_modules/@react-aria/live-announcer": {
      "version": "3.4.1",
      "resolved": "https://registry.npmjs.org/@react-aria/live-announcer/-/live-announcer-3.4.1.tgz",
      "integrity": "sha512-4X2mcxgqLvvkqxv2l1n00jTzUxxe0kkLiapBGH1LHX/CxA1oQcHDqv8etJ2ZOwmS/MSBBiWnv3DwYHDOF6ubig==",
      "dependencies": {
        "@swc/helpers": "^0.5.0"
      }
    },
    "node_modules/@react-aria/overlays": {
      "version": "3.24.0",
      "resolved": "https://registry.npmjs.org/@react-aria/overlays/-/overlays-3.24.0.tgz",
      "integrity": "sha512-0kAXBsMNTc/a3M07tK9Cdt/ea8CxTAEJ223g8YgqImlmoBBYAL7dl5G01IOj67TM64uWPTmZrOklBchHWgEm3A==",
      "dependencies": {
        "@react-aria/focus": "^3.19.0",
        "@react-aria/i18n": "^3.12.4",
        "@react-aria/interactions": "^3.22.5",
        "@react-aria/ssr": "^3.9.7",
        "@react-aria/utils": "^3.26.0",
        "@react-aria/visually-hidden": "^3.8.18",
        "@react-stately/overlays": "^3.6.12",
        "@react-types/button": "^3.10.1",
        "@react-types/overlays": "^3.8.11",
        "@react-types/shared": "^3.26.0",
        "@swc/helpers": "^0.5.0"
      },
      "peerDependencies": {
        "react": "^16.8.0 || ^17.0.0-rc.1 || ^18.0.0 || ^19.0.0-rc.1",
        "react-dom": "^16.8.0 || ^17.0.0-rc.1 || ^18.0.0 || ^19.0.0-rc.1"
      }
    },
    "node_modules/@react-aria/ssr": {
      "version": "3.9.7",
      "resolved": "https://registry.npmjs.org/@react-aria/ssr/-/ssr-3.9.7.tgz",
      "integrity": "sha512-GQygZaGlmYjmYM+tiNBA5C6acmiDWF52Nqd40bBp0Znk4M4hP+LTmI0lpI1BuKMw45T8RIhrAsICIfKwZvi2Gg==",
      "dependencies": {
        "@swc/helpers": "^0.5.0"
      },
      "engines": {
        "node": ">= 12"
      },
      "peerDependencies": {
        "react": "^16.8.0 || ^17.0.0-rc.1 || ^18.0.0 || ^19.0.0-rc.1"
      }
    },
    "node_modules/@react-aria/toolbar": {
      "version": "3.0.0-beta.11",
      "resolved": "https://registry.npmjs.org/@react-aria/toolbar/-/toolbar-3.0.0-beta.11.tgz",
      "integrity": "sha512-LM3jTRFNDgoEpoL568WaiuqiVM7eynSQLJis1hV0vlVnhTd7M7kzt7zoOjzxVb5Uapz02uCp1Fsm4wQMz09qwQ==",
      "dependencies": {
        "@react-aria/focus": "^3.19.0",
        "@react-aria/i18n": "^3.12.4",
        "@react-aria/utils": "^3.26.0",
        "@react-types/shared": "^3.26.0",
        "@swc/helpers": "^0.5.0"
      },
      "peerDependencies": {
        "react": "^16.8.0 || ^17.0.0-rc.1 || ^18.0.0 || ^19.0.0-rc.1"
      }
    },
    "node_modules/@react-aria/utils": {
      "version": "3.26.0",
      "resolved": "https://registry.npmjs.org/@react-aria/utils/-/utils-3.26.0.tgz",
      "integrity": "sha512-LkZouGSjjQ0rEqo4XJosS4L3YC/zzQkfRM3KoqK6fUOmUJ9t0jQ09WjiF+uOoG9u+p30AVg3TrZRUWmoTS+koQ==",
      "dependencies": {
        "@react-aria/ssr": "^3.9.7",
        "@react-stately/utils": "^3.10.5",
        "@react-types/shared": "^3.26.0",
        "@swc/helpers": "^0.5.0",
        "clsx": "^2.0.0"
      },
      "peerDependencies": {
        "react": "^16.8.0 || ^17.0.0-rc.1 || ^18.0.0 || ^19.0.0-rc.1"
      }
    },
    "node_modules/@react-aria/utils/node_modules/clsx": {
      "version": "2.1.1",
      "resolved": "https://registry.npmjs.org/clsx/-/clsx-2.1.1.tgz",
      "integrity": "sha512-eYm0QWBtUrBWZWG0d386OGAw16Z995PiOVo2B7bjWSbHedGl5e0ZWaq65kOGgUSNesEIDkB9ISbTg/JK9dhCZA==",
      "engines": {
        "node": ">=6"
      }
    },
    "node_modules/@react-aria/visually-hidden": {
      "version": "3.8.18",
      "resolved": "https://registry.npmjs.org/@react-aria/visually-hidden/-/visually-hidden-3.8.18.tgz",
      "integrity": "sha512-l/0igp+uub/salP35SsNWq5mGmg3G5F5QMS1gDZ8p28n7CgjvzyiGhJbbca7Oxvaw1HRFzVl9ev+89I7moNnFQ==",
      "dependencies": {
        "@react-aria/interactions": "^3.22.5",
        "@react-aria/utils": "^3.26.0",
        "@react-types/shared": "^3.26.0",
        "@swc/helpers": "^0.5.0"
      },
      "peerDependencies": {
        "react": "^16.8.0 || ^17.0.0-rc.1 || ^18.0.0 || ^19.0.0-rc.1"
      }
    },
    "node_modules/@react-stately/calendar": {
      "version": "3.6.0",
      "resolved": "https://registry.npmjs.org/@react-stately/calendar/-/calendar-3.6.0.tgz",
      "integrity": "sha512-GqUtOtGnwWjtNrJud8nY/ywI4VBP5byToNVRTnxbMl+gYO1Qe/uc5NG7zjwMxhb2kqSBHZFdkF0DXVqG2Ul+BA==",
      "dependencies": {
        "@internationalized/date": "^3.6.0",
        "@react-stately/utils": "^3.10.5",
        "@react-types/calendar": "^3.5.0",
        "@react-types/shared": "^3.26.0",
        "@swc/helpers": "^0.5.0"
      },
      "peerDependencies": {
        "react": "^16.8.0 || ^17.0.0-rc.1 || ^18.0.0 || ^19.0.0-rc.1"
      }
    },
    "node_modules/@react-stately/overlays": {
      "version": "3.6.12",
      "resolved": "https://registry.npmjs.org/@react-stately/overlays/-/overlays-3.6.12.tgz",
      "integrity": "sha512-QinvZhwZgj8obUyPIcyURSCjTZlqZYRRCS60TF8jH8ZpT0tEAuDb3wvhhSXuYA3Xo9EHLwvLjEf3tQKKdAQArw==",
      "dependencies": {
        "@react-stately/utils": "^3.10.5",
        "@react-types/overlays": "^3.8.11",
        "@swc/helpers": "^0.5.0"
      },
      "peerDependencies": {
        "react": "^16.8.0 || ^17.0.0-rc.1 || ^18.0.0 || ^19.0.0-rc.1"
      }
    },
    "node_modules/@react-stately/toggle": {
      "version": "3.8.0",
      "resolved": "https://registry.npmjs.org/@react-stately/toggle/-/toggle-3.8.0.tgz",
      "integrity": "sha512-pyt/k/J8BwE/2g6LL6Z6sMSWRx9HEJB83Sm/MtovXnI66sxJ2EfQ1OaXB7Su5PEL9OMdoQF6Mb+N1RcW3zAoPw==",
      "dependencies": {
        "@react-stately/utils": "^3.10.5",
        "@react-types/checkbox": "^3.9.0",
        "@react-types/shared": "^3.26.0",
        "@swc/helpers": "^0.5.0"
      },
      "peerDependencies": {
        "react": "^16.8.0 || ^17.0.0-rc.1 || ^18.0.0 || ^19.0.0-rc.1"
      }
    },
    "node_modules/@react-stately/utils": {
      "version": "3.10.5",
      "resolved": "https://registry.npmjs.org/@react-stately/utils/-/utils-3.10.5.tgz",
      "integrity": "sha512-iMQSGcpaecghDIh3mZEpZfoFH3ExBwTtuBEcvZ2XnGzCgQjeYXcMdIUwAfVQLXFTdHUHGF6Gu6/dFrYsCzySBQ==",
      "dependencies": {
        "@swc/helpers": "^0.5.0"
      },
      "peerDependencies": {
        "react": "^16.8.0 || ^17.0.0-rc.1 || ^18.0.0 || ^19.0.0-rc.1"
      }
    },
    "node_modules/@react-types/button": {
      "version": "3.10.1",
      "resolved": "https://registry.npmjs.org/@react-types/button/-/button-3.10.1.tgz",
      "integrity": "sha512-XTtap8o04+4QjPNAshFWOOAusUTxQlBjU2ai0BTVLShQEjHhRVDBIWsI2B2FKJ4KXT6AZ25llaxhNrreWGonmA==",
      "dependencies": {
        "@react-types/shared": "^3.26.0"
      },
      "peerDependencies": {
        "react": "^16.8.0 || ^17.0.0-rc.1 || ^18.0.0 || ^19.0.0-rc.1"
      }
    },
    "node_modules/@react-types/calendar": {
      "version": "3.5.0",
      "resolved": "https://registry.npmjs.org/@react-types/calendar/-/calendar-3.5.0.tgz",
      "integrity": "sha512-O3IRE7AGwAWYnvJIJ80cOy7WwoJ0m8GtX/qSmvXQAjC4qx00n+b5aFNBYAQtcyc3RM5QpW6obs9BfwGetFiI8w==",
      "dependencies": {
        "@internationalized/date": "^3.6.0",
        "@react-types/shared": "^3.26.0"
      },
      "peerDependencies": {
        "react": "^16.8.0 || ^17.0.0-rc.1 || ^18.0.0 || ^19.0.0-rc.1"
      }
    },
    "node_modules/@react-types/checkbox": {
      "version": "3.9.0",
      "resolved": "https://registry.npmjs.org/@react-types/checkbox/-/checkbox-3.9.0.tgz",
      "integrity": "sha512-9hbHx0Oo2Hp5a8nV8Q75LQR0DHtvOIJbFaeqESSopqmV9EZoYjtY/h0NS7cZetgahQgnqYWQi44XGooMDCsmxA==",
      "dependencies": {
        "@react-types/shared": "^3.26.0"
      },
      "peerDependencies": {
        "react": "^16.8.0 || ^17.0.0-rc.1 || ^18.0.0 || ^19.0.0-rc.1"
      }
    },
    "node_modules/@react-types/datepicker": {
      "version": "3.9.0",
      "resolved": "https://registry.npmjs.org/@react-types/datepicker/-/datepicker-3.9.0.tgz",
      "integrity": "sha512-dbKL5Qsm2MQwOTtVQdOcKrrphcXAqDD80WLlSQrBLg+waDuuQ7H+TrvOT0thLKloNBlFUGnZZfXGRHINpih/0g==",
      "dependencies": {
        "@internationalized/date": "^3.6.0",
        "@react-types/calendar": "^3.5.0",
        "@react-types/overlays": "^3.8.11",
        "@react-types/shared": "^3.26.0"
      },
      "peerDependencies": {
        "react": "^16.8.0 || ^17.0.0-rc.1 || ^18.0.0 || ^19.0.0-rc.1"
      }
    },
    "node_modules/@react-types/overlays": {
      "version": "3.8.11",
      "resolved": "https://registry.npmjs.org/@react-types/overlays/-/overlays-3.8.11.tgz",
      "integrity": "sha512-aw7T0rwVI3EuyG5AOaEIk8j7dZJQ9m34XAztXJVZ/W2+4pDDkLDbJ/EAPnuo2xGYRGhowuNDn4tDju01eHYi+w==",
      "dependencies": {
        "@react-types/shared": "^3.26.0"
      },
      "peerDependencies": {
        "react": "^16.8.0 || ^17.0.0-rc.1 || ^18.0.0 || ^19.0.0-rc.1"
      }
    },
    "node_modules/@react-types/shared": {
      "version": "3.26.0",
      "resolved": "https://registry.npmjs.org/@react-types/shared/-/shared-3.26.0.tgz",
      "integrity": "sha512-6FuPqvhmjjlpEDLTiYx29IJCbCNWPlsyO+ZUmCUXzhUv2ttShOXfw8CmeHWHftT/b2KweAWuzqSlfeXPR76jpw==",
      "peerDependencies": {
        "react": "^16.8.0 || ^17.0.0-rc.1 || ^18.0.0 || ^19.0.0-rc.1"
      }
    },
    "node_modules/@swc/counter": {
      "version": "0.1.3",
      "resolved": "https://registry.npmjs.org/@swc/counter/-/counter-0.1.3.tgz",
      "integrity": "sha512-e2BR4lsJkkRlKZ/qCHPw9ZaSxc0MVUd7gtbtaB7aMvHeJVYe8sOB8DBZkP2DtISHGSku9sCK6T6cnY0CtXrOCQ=="
    },
    "node_modules/@swc/helpers": {
      "version": "0.5.13",
      "resolved": "https://registry.npmjs.org/@swc/helpers/-/helpers-0.5.13.tgz",
      "integrity": "sha512-UoKGxQ3r5kYI9dALKJapMmuK+1zWM/H17Z1+iwnNmzcJRnfFuevZs375TA5rW31pu4BS4NoSy1fRsexDXfWn5w==",
      "dependencies": {
        "tslib": "^2.4.0"
      }
    },
    "node_modules/@types/lodash": {
      "version": "4.17.13",
      "resolved": "https://registry.npmjs.org/@types/lodash/-/lodash-4.17.13.tgz",
      "integrity": "sha512-lfx+dftrEZcdBPczf9d0Qv0x+j/rfNCMuC6OcfXmO8gkfeNAY88PgKUbvG56whcN23gc27yenwF6oJZXGFpYxg=="
    },
    "node_modules/@types/lodash.debounce": {
      "version": "4.0.9",
      "resolved": "https://registry.npmjs.org/@types/lodash.debounce/-/lodash.debounce-4.0.9.tgz",
      "integrity": "sha512-Ma5JcgTREwpLRwMM+XwBR7DaWe96nC38uCBDFKZWbNKD+osjVzdpnUSwBcqCptrp16sSOLBAUb50Car5I0TCsQ==",
      "dependencies": {
        "@types/lodash": "*"
      }
    },
    "node_modules/busboy": {
      "version": "1.6.0",
      "resolved": "https://registry.npmjs.org/busboy/-/busboy-1.6.0.tgz",
      "integrity": "sha512-8SFQbg/0hQ9xy3UNTB0YEnsNBbWfhf7RtnzpL7TkBiTBRfrQ9Fxcnz7VJsleJpyp6rVLvXiuORqjlHi5q+PYuA==",
      "dependencies": {
        "streamsearch": "^1.1.0"
      },
      "engines": {
        "node": ">=10.16.0"
      }
    },
    "node_modules/caniuse-lite": {
      "version": "1.0.30001687",
      "resolved": "https://registry.npmjs.org/caniuse-lite/-/caniuse-lite-1.0.30001687.tgz",
      "integrity": "sha512-0S/FDhf4ZiqrTUiQ39dKeUjYRjkv7lOZU1Dgif2rIqrTzX/1wV2hfKu9TOm1IHkdSijfLswxTFzl/cvir+SLSQ==",
      "funding": [
        {
          "type": "opencollective",
          "url": "https://opencollective.com/browserslist"
        },
        {
          "type": "tidelift",
          "url": "https://tidelift.com/funding/github/npm/caniuse-lite"
        },
        {
          "type": "github",
          "url": "https://github.com/sponsors/ai"
        }
      ]
    },
    "node_modules/client-only": {
      "version": "0.0.1",
      "resolved": "https://registry.npmjs.org/client-only/-/client-only-0.0.1.tgz",
      "integrity": "sha512-IV3Ou0jSMzZrd3pZ48nLkT9DA7Ag1pnPzaiQhpW7c3RbcqqzvzzVu+L8gfqMp/8IM2MQtSiqaCxrrcfu8I8rMA=="
    },
    "node_modules/clsx": {
      "version": "1.2.1",
      "resolved": "https://registry.npmjs.org/clsx/-/clsx-1.2.1.tgz",
      "integrity": "sha512-EcR6r5a8bj6pu3ycsa/E/cKVGuTgZJZdsyUYHOksG/UHIiKfjxzRxYJpyVBwYaQeOvghal9fcc4PidlgzugAQg==",
      "engines": {
        "node": ">=6"
      }
    },
    "node_modules/color": {
      "version": "4.2.3",
      "resolved": "https://registry.npmjs.org/color/-/color-4.2.3.tgz",
      "integrity": "sha512-1rXeuUUiGGrykh+CeBdu5Ie7OJwinCgQY0bc7GCRxy5xVHy+moaqkpL/jqQq0MtQOeYcrqEz4abc5f0KtU7W4A==",
      "optional": true,
      "dependencies": {
        "color-convert": "^2.0.1",
        "color-string": "^1.9.0"
      },
      "engines": {
        "node": ">=12.5.0"
      }
    },
    "node_modules/color-convert": {
      "version": "2.0.1",
      "resolved": "https://registry.npmjs.org/color-convert/-/color-convert-2.0.1.tgz",
      "integrity": "sha512-RRECPsj7iu/xb5oKYcsFHSppFNnsj/52OVTRKb4zP5onXwVF3zVmmToNcOfGC+CRDpfK/U584fMg38ZHCaElKQ==",
      "optional": true,
      "dependencies": {
        "color-name": "~1.1.4"
      },
      "engines": {
        "node": ">=7.0.0"
      }
    },
    "node_modules/color-name": {
      "version": "1.1.4",
      "resolved": "https://registry.npmjs.org/color-name/-/color-name-1.1.4.tgz",
      "integrity": "sha512-dOy+3AuW3a2wNbZHIuMZpTcgjGuLU/uBL/ubcZF9OXbDo8ff4O8yVp5Bf0efS8uEoYo5q4Fx7dY9OgQGXgAsQA==",
      "optional": true
    },
    "node_modules/color-string": {
      "version": "1.9.1",
      "resolved": "https://registry.npmjs.org/color-string/-/color-string-1.9.1.tgz",
      "integrity": "sha512-shrVawQFojnZv6xM40anx4CkoDP+fZsw/ZerEMsW/pyzsRbElpsL/DBVW7q3ExxwusdNXI3lXpuhEZkzs8p5Eg==",
      "optional": true,
      "dependencies": {
        "color-name": "^1.0.0",
        "simple-swizzle": "^0.2.2"
      }
    },
    "node_modules/compute-scroll-into-view": {
      "version": "3.1.0",
      "resolved": "https://registry.npmjs.org/compute-scroll-into-view/-/compute-scroll-into-view-3.1.0.tgz",
      "integrity": "sha512-rj8l8pD4bJ1nx+dAkMhV1xB5RuZEyVysfxJqB1pRchh1KVvwOv9b7CGB8ZfjTImVv2oF+sYMUkMZq6Na5Ftmbg=="
    },
    "node_modules/decimal.js": {
      "version": "10.4.3",
      "resolved": "https://registry.npmjs.org/decimal.js/-/decimal.js-10.4.3.tgz",
      "integrity": "sha512-VBBaLc1MgL5XpzgIP7ny5Z6Nx3UrRkIViUkPUdtl9aya5amy3De1gsUUSB1g3+3sExYNjCAsAznmukyxCb1GRA=="
    },
    "node_modules/detect-libc": {
      "version": "2.0.3",
      "resolved": "https://registry.npmjs.org/detect-libc/-/detect-libc-2.0.3.tgz",
      "integrity": "sha512-bwy0MGW55bG41VqxxypOsdSdGqLwXPI/focwgTYCFMbdUiBAxLg9CFzG08sz2aqzknwiX7Hkl0bQENjg8iLByw==",
      "optional": true,
      "engines": {
        "node": ">=8"
      }
    },
    "node_modules/intl-messageformat": {
      "version": "10.7.10",
      "resolved": "https://registry.npmjs.org/intl-messageformat/-/intl-messageformat-10.7.10.tgz",
      "integrity": "sha512-hp7iejCBiJdW3zmOe18FdlJu8U/JsADSDiBPQhfdSeI8B9POtvPRvPh3nMlvhYayGMKLv6maldhR7y3Pf1vkpw==",
      "dependencies": {
        "@formatjs/ecma402-abstract": "2.3.1",
        "@formatjs/fast-memoize": "2.2.5",
        "@formatjs/icu-messageformat-parser": "2.9.7",
        "tslib": "2"
      }
    },
    "node_modules/is-arrayish": {
      "version": "0.3.2",
      "resolved": "https://registry.npmjs.org/is-arrayish/-/is-arrayish-0.3.2.tgz",
      "integrity": "sha512-eVRqCvVlZbuw3GrM63ovNSNAeA1K16kaR/LRY/92w0zxQ5/1YzwblUX652i4Xs9RwAGjW9d9y6X88t8OaAJfWQ==",
      "optional": true
    },
    "node_modules/nanoid": {
      "version": "3.3.8",
      "resolved": "https://registry.npmjs.org/nanoid/-/nanoid-3.3.8.tgz",
      "integrity": "sha512-WNLf5Sd8oZxOm+TzppcYk8gVOgP+l58xNy58D0nbUnOxOWRWvlcCV4kUF7ltmI6PsrLl/BgKEyS4mqsGChFN0w==",
      "funding": [
        {
          "type": "github",
          "url": "https://github.com/sponsors/ai"
        }
      ],
      "bin": {
        "nanoid": "bin/nanoid.cjs"
      },
      "engines": {
        "node": "^10 || ^12 || ^13.7 || ^14 || >=15.0.1"
      }
    },
    "node_modules/next": {
      "version": "15.0.4",
      "resolved": "https://registry.npmjs.org/next/-/next-15.0.4.tgz",
      "integrity": "sha512-nuy8FH6M1FG0lktGotamQDCXhh5hZ19Vo0ht1AOIQWrYJLP598TIUagKtvJrfJ5AGwB/WmDqkKaKhMpVifvGPA==",
      "dependencies": {
        "@next/env": "15.0.4",
        "@swc/counter": "0.1.3",
        "@swc/helpers": "0.5.13",
        "busboy": "1.6.0",
        "caniuse-lite": "^1.0.30001579",
        "postcss": "8.4.31",
        "styled-jsx": "5.1.6"
      },
      "bin": {
        "next": "dist/bin/next"
      },
      "engines": {
        "node": "^18.18.0 || ^19.8.0 || >= 20.0.0"
      },
      "optionalDependencies": {
        "@next/swc-darwin-arm64": "15.0.4",
        "@next/swc-darwin-x64": "15.0.4",
        "@next/swc-linux-arm64-gnu": "15.0.4",
        "@next/swc-linux-arm64-musl": "15.0.4",
        "@next/swc-linux-x64-gnu": "15.0.4",
        "@next/swc-linux-x64-musl": "15.0.4",
        "@next/swc-win32-arm64-msvc": "15.0.4",
        "@next/swc-win32-x64-msvc": "15.0.4",
        "sharp": "^0.33.5"
      },
      "peerDependencies": {
        "@opentelemetry/api": "^1.1.0",
        "@playwright/test": "^1.41.2",
        "babel-plugin-react-compiler": "*",
        "react": "^18.2.0 || 19.0.0-rc-66855b96-20241106 || ^19.0.0",
        "react-dom": "^18.2.0 || 19.0.0-rc-66855b96-20241106 || ^19.0.0",
        "sass": "^1.3.0"
      },
      "peerDependenciesMeta": {
        "@opentelemetry/api": {
          "optional": true
        },
        "@playwright/test": {
          "optional": true
        },
        "babel-plugin-react-compiler": {
          "optional": true
        },
        "sass": {
          "optional": true
        }
      }
    },
    "node_modules/picocolors": {
      "version": "1.1.1",
      "resolved": "https://registry.npmjs.org/picocolors/-/picocolors-1.1.1.tgz",
      "integrity": "sha512-xceH2snhtb5M9liqDsmEw56le376mTZkEX/jEb/RxNFyegNul7eNslCXP9FDj/Lcu0X8KEyMceP2ntpaHrDEVA=="
    },
    "node_modules/postcss": {
      "version": "8.4.31",
      "resolved": "https://registry.npmjs.org/postcss/-/postcss-8.4.31.tgz",
      "integrity": "sha512-PS08Iboia9mts/2ygV3eLpY5ghnUcfLV/EXTOW1E2qYxJKGGBUtNjN76FYHnMs36RmARn41bC0AZmn+rR0OVpQ==",
      "funding": [
        {
          "type": "opencollective",
          "url": "https://opencollective.com/postcss/"
        },
        {
          "type": "tidelift",
          "url": "https://tidelift.com/funding/github/npm/postcss"
        },
        {
          "type": "github",
          "url": "https://github.com/sponsors/ai"
        }
      ],
      "dependencies": {
        "nanoid": "^3.3.6",
        "picocolors": "^1.0.0",
        "source-map-js": "^1.0.2"
      },
      "engines": {
        "node": "^10 || ^12 || >=14"
      }
    },
    "node_modules/preact": {
      "version": "10.12.1",
      "resolved": "https://registry.npmjs.org/preact/-/preact-10.12.1.tgz",
      "integrity": "sha512-l8386ixSsBdbreOAkqtrwqHwdvR35ID8c3rKPa8lCWuO86dBi32QWHV4vfsZK1utLLFMvw+Z5Ad4XLkZzchscg==",
      "funding": {
        "type": "opencollective",
        "url": "https://opencollective.com/preact"
      }
    },
    "node_modules/react": {
      "version": "19.0.0",
      "resolved": "https://registry.npmjs.org/react/-/react-19.0.0.tgz",
      "integrity": "sha512-V8AVnmPIICiWpGfm6GLzCR/W5FXLchHop40W4nXBmdlEceh16rCN8O8LNWm5bh5XUX91fh7KpA+W0TgMKmgTpQ==",
      "engines": {
        "node": ">=0.10.0"
      }
    },
    "node_modules/react-dom": {
      "version": "19.0.0",
      "resolved": "https://registry.npmjs.org/react-dom/-/react-dom-19.0.0.tgz",
      "integrity": "sha512-4GV5sHFG0e/0AD4X+ySy6UJd3jVl1iNsNHdpad0qhABJ11twS3TTBnseqsKurKcsNqCEFeGL3uLpVChpIO3QfQ==",
      "dependencies": {
        "scheduler": "^0.25.0"
      },
      "peerDependencies": {
        "react": "^19.0.0"
      }
    },
    "node_modules/scheduler": {
      "version": "0.25.0",
      "resolved": "https://registry.npmjs.org/scheduler/-/scheduler-0.25.0.tgz",
      "integrity": "sha512-xFVuu11jh+xcO7JOAGJNOXld8/TcEHK/4CituBUeUb5hqxJLj9YuemAEuvm9gQ/+pgXYfbQuqAkiYu+u7YEsNA=="
    },
    "node_modules/scroll-into-view-if-needed": {
      "version": "3.0.10",
      "resolved": "https://registry.npmjs.org/scroll-into-view-if-needed/-/scroll-into-view-if-needed-3.0.10.tgz",
      "integrity": "sha512-t44QCeDKAPf1mtQH3fYpWz8IM/DyvHLjs8wUvvwMYxk5moOqCzrMSxK6HQVD0QVmVjXFavoFIPRVrMuJPKAvtg==",
      "dependencies": {
        "compute-scroll-into-view": "^3.0.2"
      }
    },
    "node_modules/semver": {
      "version": "7.6.3",
      "resolved": "https://registry.npmjs.org/semver/-/semver-7.6.3.tgz",
      "integrity": "sha512-oVekP1cKtI+CTDvHWYFUcMtsK/00wmAEfyqKfNdARm8u1wNVhSgaX7A8d4UuIlUI5e84iEwOhs7ZPYRmzU9U6A==",
      "optional": true,
      "bin": {
        "semver": "bin/semver.js"
      },
      "engines": {
        "node": ">=10"
      }
    },
    "node_modules/sharp": {
      "version": "0.33.5",
      "resolved": "https://registry.npmjs.org/sharp/-/sharp-0.33.5.tgz",
      "integrity": "sha512-haPVm1EkS9pgvHrQ/F3Xy+hgcuMV0Wm9vfIBSiwZ05k+xgb0PkBQpGsAA/oWdDobNaZTH5ppvHtzCFbnSEwHVw==",
      "hasInstallScript": true,
      "optional": true,
      "dependencies": {
        "color": "^4.2.3",
        "detect-libc": "^2.0.3",
        "semver": "^7.6.3"
      },
      "engines": {
        "node": "^18.17.0 || ^20.3.0 || >=21.0.0"
      },
      "funding": {
        "url": "https://opencollective.com/libvips"
      },
      "optionalDependencies": {
        "@img/sharp-darwin-arm64": "0.33.5",
        "@img/sharp-darwin-x64": "0.33.5",
        "@img/sharp-libvips-darwin-arm64": "1.0.4",
        "@img/sharp-libvips-darwin-x64": "1.0.4",
        "@img/sharp-libvips-linux-arm": "1.0.5",
        "@img/sharp-libvips-linux-arm64": "1.0.4",
        "@img/sharp-libvips-linux-s390x": "1.0.4",
        "@img/sharp-libvips-linux-x64": "1.0.4",
        "@img/sharp-libvips-linuxmusl-arm64": "1.0.4",
        "@img/sharp-libvips-linuxmusl-x64": "1.0.4",
        "@img/sharp-linux-arm": "0.33.5",
        "@img/sharp-linux-arm64": "0.33.5",
        "@img/sharp-linux-s390x": "0.33.5",
        "@img/sharp-linux-x64": "0.33.5",
        "@img/sharp-linuxmusl-arm64": "0.33.5",
        "@img/sharp-linuxmusl-x64": "0.33.5",
        "@img/sharp-wasm32": "0.33.5",
        "@img/sharp-win32-ia32": "0.33.5",
        "@img/sharp-win32-x64": "0.33.5"
      }
    },
    "node_modules/simple-swizzle": {
      "version": "0.2.2",
      "resolved": "https://registry.npmjs.org/simple-swizzle/-/simple-swizzle-0.2.2.tgz",
      "integrity": "sha512-JA//kQgZtbuY83m+xT+tXJkmJncGMTFT+C+g2h2R9uxkYIrE2yy9sgmcLhCnw57/WSD+Eh3J97FPEDFnbXnDUg==",
      "optional": true,
      "dependencies": {
        "is-arrayish": "^0.3.1"
      }
    },
    "node_modules/source-map-js": {
      "version": "1.2.1",
      "resolved": "https://registry.npmjs.org/source-map-js/-/source-map-js-1.2.1.tgz",
      "integrity": "sha512-UXWMKhLOwVKb728IUtQPXxfYU+usdybtUrK/8uGE8CQMvrhOpwvzDBwj0QhSL7MQc7vIsISBG8VQ8+IDQxpfQA==",
      "engines": {
        "node": ">=0.10.0"
      }
    },
    "node_modules/streamsearch": {
      "version": "1.1.0",
      "resolved": "https://registry.npmjs.org/streamsearch/-/streamsearch-1.1.0.tgz",
      "integrity": "sha512-Mcc5wHehp9aXz1ax6bZUyY5afg9u2rv5cqQI3mRrYkGC8rW2hM02jWuwjtL++LS5qinSyhj2QfLyNsuc+VsExg==",
      "engines": {
        "node": ">=10.0.0"
      }
    },
    "node_modules/styled-jsx": {
      "version": "5.1.6",
      "resolved": "https://registry.npmjs.org/styled-jsx/-/styled-jsx-5.1.6.tgz",
      "integrity": "sha512-qSVyDTeMotdvQYoHWLNGwRFJHC+i+ZvdBRYosOFgC+Wg1vx4frN2/RG/NA7SYqqvKNLf39P2LSRA2pu6n0XYZA==",
      "dependencies": {
        "client-only": "0.0.1"
      },
      "engines": {
        "node": ">= 12.0.0"
      },
      "peerDependencies": {
        "react": ">= 16.8.0 || 17.x.x || ^18.0.0-0 || ^19.0.0-0"
      },
      "peerDependenciesMeta": {
        "@babel/core": {
          "optional": true
        },
        "babel-plugin-macros": {
          "optional": true
        }
      }
    },
    "node_modules/tslib": {
      "version": "2.8.1",
      "resolved": "https://registry.npmjs.org/tslib/-/tslib-2.8.1.tgz",
      "integrity": "sha512-oJFu94HQb+KVduSUQL7wnpmqnfmLsOA/nAh6b6EH0wCEoK0/mPeXU6c3wKDV83MkOuHPRHtSXKKU99IBazS/2w=="
    }
  }
}
